
Microsoft Visual Studio Solution File, Format Version 12.00
# Visual Studio 15
VisualStudioVersion = 15.0.28307.421
MinimumVisualStudioVersion = 10.0.40219.1
Project("{8BC9CEB8-8B4A-11D0-8D11-00A0C91BC942}") = "Cavestory-Development", "Cavestory-Development\Cavestory-Development.vcxproj", "{20D7F24A-A5E3-4545-B79F-7371AA586027}"
EndProject
Global
	GlobalSection(SolutionConfigurationPlatforms) = preSolution
		Debug|x64 = Debug|x64
		Debug|x86 = Debug|x86
		Release|x64 = Release|x64
		Release|x86 = Release|x86
	EndGlobalSection
	GlobalSection(ProjectConfigurationPlatforms) = postSolution
		{20D7F24A-A5E3-4545-B79F-7371AA586027}.Debug|x64.ActiveCfg = Debug|x64
		{20D7F24A-A5E3-4545-B79F-7371AA586027}.Debug|x64.Build.0 = Debug|x64
		{20D7F24A-A5E3-4545-B79F-7371AA586027}.Debug|x86.ActiveCfg = Debug|Win32
		{20D7F24A-A5E3-4545-B79F-7371AA586027}.Debug|x86.Build.0 = Debug|Win32
		{20D7F24A-A5E3-4545-B79F-7371AA586027}.Release|x64.ActiveCfg = Release|x64
		{20D7F24A-A5E3-4545-B79F-7371AA586027}.Release|x64.Build.0 = Release|x64
		{20D7F24A-A5E3-4545-B79F-7371AA586027}.Release|x86.ActiveCfg = Release|Win32
		{20D7F24A-A5E3-4545-B79F-7371AA586027}.Release|x86.Build.0 = Release|Win32
	EndGlobalSection
	GlobalSection(SolutionProperties) = preSolution
		HideSolutionNode = FALSE
	EndGlobalSection
	GlobalSection(ExtensibilityGlobals) = postSolution
		SolutionGuid = {A028F223-E2F0-4040-9818-DE3A7E347D18}
	EndGlobalSection
EndGlobal
